// !$*UTF8*$!
{
	archiveVersion = 1;
	classes = {
	};
	objectVersion = 51;
	objects = {

/* Begin PBXBuildFile section */
		5E9765759C43EC7762EE4DB8 /* Pods_Trojan_Dining.framework in Frameworks */ = {isa = PBXBuildFile; fileRef = 1207B618EA10D0B206ED315F /* Pods_Trojan_Dining.framework */; };
		BE0B090E23D3C65A002B041D /* FsCollection.swift in Sources */ = {isa = PBXBuildFile; fileRef = BE0B090D23D3C65A002B041D /* FsCollection.swift */; };
		BE0B091023D3C662002B041D /* FsDocument.swift in Sources */ = {isa = PBXBuildFile; fileRef = BE0B090F23D3C662002B041D /* FsDocument.swift */; };
		BE0B091223D3E25F002B041D /* FsRoot.swift in Sources */ = {isa = PBXBuildFile; fileRef = BE0B091123D3E25F002B041D /* FsRoot.swift */; };
		BE0B091723D4384C002B041D /* Map.swift in Sources */ = {isa = PBXBuildFile; fileRef = BE0B091623D4384C002B041D /* Map.swift */; };
		BE0B091B23D43D3C002B041D /* FsC_Users.swift in Sources */ = {isa = PBXBuildFile; fileRef = BE0B091A23D43D3C002B041D /* FsC_Users.swift */; };
		BE0B091D23D43D6A002B041D /* FsC_Watchlist.swift in Sources */ = {isa = PBXBuildFile; fileRef = BE0B091C23D43D6A002B041D /* FsC_Watchlist.swift */; };
		BE0B091F23D43D8D002B041D /* FsD_User.swift in Sources */ = {isa = PBXBuildFile; fileRef = BE0B091E23D43D8D002B041D /* FsD_User.swift */; };
		BE0B092123D43DA7002B041D /* FsD_Bool.swift in Sources */ = {isa = PBXBuildFile; fileRef = BE0B092023D43DA7002B041D /* FsD_Bool.swift */; };
		BE0B092323D45977002B041D /* Extensions.swift in Sources */ = {isa = PBXBuildFile; fileRef = BE0B092223D45977002B041D /* Extensions.swift */; };
		BE7BEF7E239C82BB00977EE0 /* ViewCollectionView.swift in Sources */ = {isa = PBXBuildFile; fileRef = BE7BEF7D239C82BB00977EE0 /* ViewCollectionView.swift */; };
		BE7BEF81239C869400977EE0 /* MealCell.swift in Sources */ = {isa = PBXBuildFile; fileRef = BE7BEF7F239C869400977EE0 /* MealCell.swift */; };
		BE7BEF82239C869400977EE0 /* MealCell.xib in Resources */ = {isa = PBXBuildFile; fileRef = BE7BEF80239C869400977EE0 /* MealCell.xib */; };
		BE7BEF84239C88BD00977EE0 /* TableableCell.swift in Sources */ = {isa = PBXBuildFile; fileRef = BE7BEF83239C88BD00977EE0 /* TableableCell.swift */; };
		BE7BEF86239C88FC00977EE0 /* TableableData.swift in Sources */ = {isa = PBXBuildFile; fileRef = BE7BEF85239C88FC00977EE0 /* TableableData.swift */; };
		BE7BEF88239C894900977EE0 /* CollectableCell.swift in Sources */ = {isa = PBXBuildFile; fileRef = BE7BEF87239C894900977EE0 /* CollectableCell.swift */; };
		BE7BEF8A239C8A1B00977EE0 /* CollectableData.swift in Sources */ = {isa = PBXBuildFile; fileRef = BE7BEF89239C8A1B00977EE0 /* CollectableData.swift */; };
		BE7BEF8C239C974400977EE0 /* ViewInteraction.swift in Sources */ = {isa = PBXBuildFile; fileRef = BE7BEF8B239C974400977EE0 /* ViewInteraction.swift */; };
		BE7BEF8E239C9AE500977EE0 /* Meal.swift in Sources */ = {isa = PBXBuildFile; fileRef = BE7BEF8D239C9AE500977EE0 /* Meal.swift */; };
		BE7BEF92239CB91100977EE0 /* GoogleService-Info.plist in Resources */ = {isa = PBXBuildFile; fileRef = BE7BEF91239CB91100977EE0 /* GoogleService-Info.plist */; };
		BE91935E23CFE3A000B0DEA3 /* StoreKit.framework in Frameworks */ = {isa = PBXBuildFile; fileRef = BE91935D23CFE3A000B0DEA3 /* StoreKit.framework */; };
		BE91936023D0042200B0DEA3 /* Market.swift in Sources */ = {isa = PBXBuildFile; fileRef = BE91935F23D0042200B0DEA3 /* Market.swift */; };
		BEB5E39523C6FA2B006F3DFE /* UpgradeViewController.swift in Sources */ = {isa = PBXBuildFile; fileRef = BEB5E39423C6FA2B006F3DFE /* UpgradeViewController.swift */; };
		BEB5E39723C6FA49006F3DFE /* NotificationViewController.swift in Sources */ = {isa = PBXBuildFile; fileRef = BEB5E39623C6FA49006F3DFE /* NotificationViewController.swift */; };
		BEB5E39A23C7039D006F3DFE /* WatchlistCell.swift in Sources */ = {isa = PBXBuildFile; fileRef = BEB5E39823C7039D006F3DFE /* WatchlistCell.swift */; };
		BEB5E39B23C7039D006F3DFE /* WatchlistCell.xib in Resources */ = {isa = PBXBuildFile; fileRef = BEB5E39923C7039D006F3DFE /* WatchlistCell.xib */; };
		BEDE0DDE23C86B5C0012216A /* NotificationService.swift in Sources */ = {isa = PBXBuildFile; fileRef = BEDE0DDD23C86B5C0012216A /* NotificationService.swift */; };
		BEDE0DE223C86B5C0012216A /* Notification Waylay.appex in Embed App Extensions */ = {isa = PBXBuildFile; fileRef = BEDE0DDB23C86B5C0012216A /* Notification Waylay.appex */; settings = {ATTRIBUTES = (RemoveHeadersOnCopy, ); }; };
		BEDE0DE823C9B12C0012216A /* MessagingDelegate.swift in Sources */ = {isa = PBXBuildFile; fileRef = BEDE0DE723C9B12C0012216A /* MessagingDelegate.swift */; };
		BEDE0DEA23C9B16D0012216A /* NotificationDelegate.swift in Sources */ = {isa = PBXBuildFile; fileRef = BEDE0DE923C9B16D0012216A /* NotificationDelegate.swift */; };
		BEE57C3423A4EF9700F90FC8 /* User.swift in Sources */ = {isa = PBXBuildFile; fileRef = BEE57C3323A4EF9700F90FC8 /* User.swift */; };
		BEEB6C7E239CC769007062D7 /* FoodDetailController.swift in Sources */ = {isa = PBXBuildFile; fileRef = BEEB6C7D239CC769007062D7 /* FoodDetailController.swift */; };
		BEF67973239CDBAB00BBB88D /* StarRatingView.swift in Sources */ = {isa = PBXBuildFile; fileRef = BEF67972239CDBAB00BBB88D /* StarRatingView.swift */; };
		C444FBE621B49B6A00E8C2F7 /* ViewController.swift in Sources */ = {isa = PBXBuildFile; fileRef = C444FBE521B49B6A00E8C2F7 /* ViewController.swift */; };
		C44DE8E4219805CD00CFC981 /* FilterView.swift in Sources */ = {isa = PBXBuildFile; fileRef = C44DE8E3219805CD00CFC981 /* FilterView.swift */; };
		C44DE8E6219805E500CFC981 /* FilterView.xib in Resources */ = {isa = PBXBuildFile; fileRef = C44DE8E5219805E500CFC981 /* FilterView.xib */; };
		C455B28C21B51E9600309A7A /* FilterCollectionCell.xib in Resources */ = {isa = PBXBuildFile; fileRef = C455B28B21B51E9600309A7A /* FilterCollectionCell.xib */; };
		C455B28E21B51EB700309A7A /* FilterCollectionCell.swift in Sources */ = {isa = PBXBuildFile; fileRef = C455B28D21B51EB700309A7A /* FilterCollectionCell.swift */; };
		C455B29021B53C6700309A7A /* Filter.swift in Sources */ = {isa = PBXBuildFile; fileRef = C455B28F21B53C6700309A7A /* Filter.swift */; };
		C45E3453218EB46300A8C28E /* URLBuilder.swift in Sources */ = {isa = PBXBuildFile; fileRef = C45E3452218EB46300A8C28E /* URLBuilder.swift */; };
		C46E0F54217DAFEA007F5452 /* AppDelegate.swift in Sources */ = {isa = PBXBuildFile; fileRef = C46E0F53217DAFEA007F5452 /* AppDelegate.swift */; };
		C46E0F59217DAFEA007F5452 /* Main.storyboard in Resources */ = {isa = PBXBuildFile; fileRef = C46E0F57217DAFEA007F5452 /* Main.storyboard */; };
		C46E0F5B217DAFEB007F5452 /* Assets.xcassets in Resources */ = {isa = PBXBuildFile; fileRef = C46E0F5A217DAFEB007F5452 /* Assets.xcassets */; };
		C46E0F5E217DAFEB007F5452 /* LaunchScreen.storyboard in Resources */ = {isa = PBXBuildFile; fileRef = C46E0F5C217DAFEB007F5452 /* LaunchScreen.storyboard */; };
		C46E0F6B217DB0B2007F5452 /* FoodCell.swift in Sources */ = {isa = PBXBuildFile; fileRef = C46E0F6A217DB0B2007F5452 /* FoodCell.swift */; };
		C46E0F6F217DB97B007F5452 /* WebScraper.swift in Sources */ = {isa = PBXBuildFile; fileRef = C46E0F6E217DB97B007F5452 /* WebScraper.swift */; };
		C46E0F71217DB989007F5452 /* MenuBuilder.swift in Sources */ = {isa = PBXBuildFile; fileRef = C46E0F70217DB989007F5452 /* MenuBuilder.swift */; };
		C49F5EA2219F6D55009A915C /* FoodCell.xib in Resources */ = {isa = PBXBuildFile; fileRef = C49F5EA1219F6D55009A915C /* FoodCell.xib */; };
		C4F9D2542187BD7E0081606A /* Food.swift in Sources */ = {isa = PBXBuildFile; fileRef = C4F9D2532187BD7E0081606A /* Food.swift */; };
/* End PBXBuildFile section */

/* Begin PBXContainerItemProxy section */
		BEDE0DE023C86B5C0012216A /* PBXContainerItemProxy */ = {
			isa = PBXContainerItemProxy;
			containerPortal = C46E0F48217DAFEA007F5452 /* Project object */;
			proxyType = 1;
			remoteGlobalIDString = BEDE0DDA23C86B5C0012216A;
			remoteInfo = "Notification Waylay";
		};
/* End PBXContainerItemProxy section */

/* Begin PBXCopyFilesBuildPhase section */
		BEDE0DE623C86B5C0012216A /* Embed App Extensions */ = {
			isa = PBXCopyFilesBuildPhase;
			buildActionMask = 2147483647;
			dstPath = "";
			dstSubfolderSpec = 13;
			files = (
				BEDE0DE223C86B5C0012216A /* Notification Waylay.appex in Embed App Extensions */,
			);
			name = "Embed App Extensions";
			runOnlyForDeploymentPostprocessing = 0;
		};
/* End PBXCopyFilesBuildPhase section */

/* Begin PBXFileReference section */
		1207B618EA10D0B206ED315F /* Pods_Trojan_Dining.framework */ = {isa = PBXFileReference; explicitFileType = wrapper.framework; includeInIndex = 0; path = Pods_Trojan_Dining.framework; sourceTree = BUILT_PRODUCTS_DIR; };
		71849656A04F38282D417D84 /* Pods-Trojan Dining.debug.xcconfig */ = {isa = PBXFileReference; includeInIndex = 1; lastKnownFileType = text.xcconfig; name = "Pods-Trojan Dining.debug.xcconfig"; path = "Target Support Files/Pods-Trojan Dining/Pods-Trojan Dining.debug.xcconfig"; sourceTree = "<group>"; };
		AB07223A8BCC15F9144062B7 /* Pods-Trojan Dining.release.xcconfig */ = {isa = PBXFileReference; includeInIndex = 1; lastKnownFileType = text.xcconfig; name = "Pods-Trojan Dining.release.xcconfig"; path = "Target Support Files/Pods-Trojan Dining/Pods-Trojan Dining.release.xcconfig"; sourceTree = "<group>"; };
		BE0B090D23D3C65A002B041D /* FsCollection.swift */ = {isa = PBXFileReference; lastKnownFileType = sourcecode.swift; path = FsCollection.swift; sourceTree = "<group>"; };
		BE0B090F23D3C662002B041D /* FsDocument.swift */ = {isa = PBXFileReference; lastKnownFileType = sourcecode.swift; path = FsDocument.swift; sourceTree = "<group>"; };
		BE0B091123D3E25F002B041D /* FsRoot.swift */ = {isa = PBXFileReference; lastKnownFileType = sourcecode.swift; path = FsRoot.swift; sourceTree = "<group>"; };
		BE0B091623D4384C002B041D /* Map.swift */ = {isa = PBXFileReference; lastKnownFileType = sourcecode.swift; path = Map.swift; sourceTree = "<group>"; };
		BE0B091A23D43D3C002B041D /* FsC_Users.swift */ = {isa = PBXFileReference; lastKnownFileType = sourcecode.swift; path = FsC_Users.swift; sourceTree = "<group>"; };
		BE0B091C23D43D6A002B041D /* FsC_Watchlist.swift */ = {isa = PBXFileReference; lastKnownFileType = sourcecode.swift; path = FsC_Watchlist.swift; sourceTree = "<group>"; };
		BE0B091E23D43D8D002B041D /* FsD_User.swift */ = {isa = PBXFileReference; lastKnownFileType = sourcecode.swift; path = FsD_User.swift; sourceTree = "<group>"; };
		BE0B092023D43DA7002B041D /* FsD_Bool.swift */ = {isa = PBXFileReference; lastKnownFileType = sourcecode.swift; path = FsD_Bool.swift; sourceTree = "<group>"; };
		BE0B092223D45977002B041D /* Extensions.swift */ = {isa = PBXFileReference; lastKnownFileType = sourcecode.swift; path = Extensions.swift; sourceTree = "<group>"; };
		BE7BEF7D239C82BB00977EE0 /* ViewCollectionView.swift */ = {isa = PBXFileReference; lastKnownFileType = sourcecode.swift; path = ViewCollectionView.swift; sourceTree = "<group>"; };
		BE7BEF7F239C869400977EE0 /* MealCell.swift */ = {isa = PBXFileReference; lastKnownFileType = sourcecode.swift; path = MealCell.swift; sourceTree = "<group>"; };
		BE7BEF80239C869400977EE0 /* MealCell.xib */ = {isa = PBXFileReference; lastKnownFileType = file.xib; path = MealCell.xib; sourceTree = "<group>"; };
		BE7BEF83239C88BD00977EE0 /* TableableCell.swift */ = {isa = PBXFileReference; lastKnownFileType = sourcecode.swift; path = TableableCell.swift; sourceTree = "<group>"; };
		BE7BEF85239C88FC00977EE0 /* TableableData.swift */ = {isa = PBXFileReference; lastKnownFileType = sourcecode.swift; path = TableableData.swift; sourceTree = "<group>"; };
		BE7BEF87239C894900977EE0 /* CollectableCell.swift */ = {isa = PBXFileReference; lastKnownFileType = sourcecode.swift; path = CollectableCell.swift; sourceTree = "<group>"; };
		BE7BEF89239C8A1B00977EE0 /* CollectableData.swift */ = {isa = PBXFileReference; lastKnownFileType = sourcecode.swift; path = CollectableData.swift; sourceTree = "<group>"; };
		BE7BEF8B239C974400977EE0 /* ViewInteraction.swift */ = {isa = PBXFileReference; lastKnownFileType = sourcecode.swift; path = ViewInteraction.swift; sourceTree = "<group>"; };
		BE7BEF8D239C9AE500977EE0 /* Meal.swift */ = {isa = PBXFileReference; lastKnownFileType = sourcecode.swift; path = Meal.swift; sourceTree = "<group>"; };
		BE7BEF91239CB91100977EE0 /* GoogleService-Info.plist */ = {isa = PBXFileReference; fileEncoding = 4; lastKnownFileType = text.plist.xml; path = "GoogleService-Info.plist"; sourceTree = "<group>"; };
		BE91935D23CFE3A000B0DEA3 /* StoreKit.framework */ = {isa = PBXFileReference; lastKnownFileType = wrapper.framework; name = StoreKit.framework; path = System/Library/Frameworks/StoreKit.framework; sourceTree = SDKROOT; };
		BE91935F23D0042200B0DEA3 /* Market.swift */ = {isa = PBXFileReference; lastKnownFileType = sourcecode.swift; path = Market.swift; sourceTree = "<group>"; };
		BEB5E39423C6FA2B006F3DFE /* UpgradeViewController.swift */ = {isa = PBXFileReference; lastKnownFileType = sourcecode.swift; path = UpgradeViewController.swift; sourceTree = "<group>"; };
		BEB5E39623C6FA49006F3DFE /* NotificationViewController.swift */ = {isa = PBXFileReference; lastKnownFileType = sourcecode.swift; path = NotificationViewController.swift; sourceTree = "<group>"; };
		BEB5E39823C7039D006F3DFE /* WatchlistCell.swift */ = {isa = PBXFileReference; lastKnownFileType = sourcecode.swift; path = WatchlistCell.swift; sourceTree = "<group>"; };
		BEB5E39923C7039D006F3DFE /* WatchlistCell.xib */ = {isa = PBXFileReference; lastKnownFileType = file.xib; path = WatchlistCell.xib; sourceTree = "<group>"; };
		BEDE0DDB23C86B5C0012216A /* Notification Waylay.appex */ = {isa = PBXFileReference; explicitFileType = "wrapper.app-extension"; includeInIndex = 0; path = "Notification Waylay.appex"; sourceTree = BUILT_PRODUCTS_DIR; };
		BEDE0DDD23C86B5C0012216A /* NotificationService.swift */ = {isa = PBXFileReference; lastKnownFileType = sourcecode.swift; path = NotificationService.swift; sourceTree = "<group>"; };
		BEDE0DDF23C86B5C0012216A /* Info.plist */ = {isa = PBXFileReference; lastKnownFileType = text.plist.xml; path = Info.plist; sourceTree = "<group>"; };
		BEDE0DE723C9B12C0012216A /* MessagingDelegate.swift */ = {isa = PBXFileReference; lastKnownFileType = sourcecode.swift; path = MessagingDelegate.swift; sourceTree = "<group>"; };
		BEDE0DE923C9B16D0012216A /* NotificationDelegate.swift */ = {isa = PBXFileReference; lastKnownFileType = sourcecode.swift; path = NotificationDelegate.swift; sourceTree = "<group>"; };
		BEE57C3223A4D73900F90FC8 /* Trojan Dining.entitlements */ = {isa = PBXFileReference; lastKnownFileType = text.plist.entitlements; path = "Trojan Dining.entitlements"; sourceTree = "<group>"; };
		BEE57C3323A4EF9700F90FC8 /* User.swift */ = {isa = PBXFileReference; lastKnownFileType = sourcecode.swift; path = User.swift; sourceTree = "<group>"; };
		BEEB6C7D239CC769007062D7 /* FoodDetailController.swift */ = {isa = PBXFileReference; lastKnownFileType = sourcecode.swift; path = FoodDetailController.swift; sourceTree = "<group>"; };
		BEF67972239CDBAB00BBB88D /* StarRatingView.swift */ = {isa = PBXFileReference; lastKnownFileType = sourcecode.swift; path = StarRatingView.swift; sourceTree = "<group>"; };
		C444FBE521B49B6A00E8C2F7 /* ViewController.swift */ = {isa = PBXFileReference; lastKnownFileType = sourcecode.swift; path = ViewController.swift; sourceTree = "<group>"; };
		C44DE8E3219805CD00CFC981 /* FilterView.swift */ = {isa = PBXFileReference; lastKnownFileType = sourcecode.swift; path = FilterView.swift; sourceTree = "<group>"; };
		C44DE8E5219805E500CFC981 /* FilterView.xib */ = {isa = PBXFileReference; lastKnownFileType = file.xib; path = FilterView.xib; sourceTree = "<group>"; };
		C455B28B21B51E9600309A7A /* FilterCollectionCell.xib */ = {isa = PBXFileReference; lastKnownFileType = file.xib; path = FilterCollectionCell.xib; sourceTree = "<group>"; };
		C455B28D21B51EB700309A7A /* FilterCollectionCell.swift */ = {isa = PBXFileReference; lastKnownFileType = sourcecode.swift; path = FilterCollectionCell.swift; sourceTree = "<group>"; };
		C455B28F21B53C6700309A7A /* Filter.swift */ = {isa = PBXFileReference; lastKnownFileType = sourcecode.swift; path = Filter.swift; sourceTree = "<group>"; };
		C45E3452218EB46300A8C28E /* URLBuilder.swift */ = {isa = PBXFileReference; lastKnownFileType = sourcecode.swift; path = URLBuilder.swift; sourceTree = "<group>"; };
		C46E0F50217DAFEA007F5452 /* Trojan Dining.app */ = {isa = PBXFileReference; explicitFileType = wrapper.application; includeInIndex = 0; path = "Trojan Dining.app"; sourceTree = BUILT_PRODUCTS_DIR; };
		C46E0F53217DAFEA007F5452 /* AppDelegate.swift */ = {isa = PBXFileReference; lastKnownFileType = sourcecode.swift; path = AppDelegate.swift; sourceTree = "<group>"; };
		C46E0F58217DAFEA007F5452 /* Base */ = {isa = PBXFileReference; lastKnownFileType = file.storyboard; name = Base; path = Base.lproj/Main.storyboard; sourceTree = "<group>"; };
		C46E0F5A217DAFEB007F5452 /* Assets.xcassets */ = {isa = PBXFileReference; lastKnownFileType = folder.assetcatalog; path = Assets.xcassets; sourceTree = "<group>"; };
		C46E0F5D217DAFEB007F5452 /* Base */ = {isa = PBXFileReference; lastKnownFileType = file.storyboard; name = Base; path = Base.lproj/LaunchScreen.storyboard; sourceTree = "<group>"; };
		C46E0F5F217DAFEB007F5452 /* Info.plist */ = {isa = PBXFileReference; lastKnownFileType = text.plist.xml; path = Info.plist; sourceTree = "<group>"; };
		C46E0F6A217DB0B2007F5452 /* FoodCell.swift */ = {isa = PBXFileReference; lastKnownFileType = sourcecode.swift; path = FoodCell.swift; sourceTree = "<group>"; };
		C46E0F6E217DB97B007F5452 /* WebScraper.swift */ = {isa = PBXFileReference; lastKnownFileType = sourcecode.swift; path = WebScraper.swift; sourceTree = "<group>"; };
		C46E0F70217DB989007F5452 /* MenuBuilder.swift */ = {isa = PBXFileReference; lastKnownFileType = sourcecode.swift; path = MenuBuilder.swift; sourceTree = "<group>"; };
		C49F5EA1219F6D55009A915C /* FoodCell.xib */ = {isa = PBXFileReference; lastKnownFileType = file.xib; path = FoodCell.xib; sourceTree = "<group>"; };
		C4F9D2532187BD7E0081606A /* Food.swift */ = {isa = PBXFileReference; lastKnownFileType = sourcecode.swift; path = Food.swift; sourceTree = "<group>"; };
/* End PBXFileReference section */

/* Begin PBXFrameworksBuildPhase section */
		BEDE0DD823C86B5C0012216A /* Frameworks */ = {
			isa = PBXFrameworksBuildPhase;
			buildActionMask = 2147483647;
			files = (
			);
			runOnlyForDeploymentPostprocessing = 0;
		};
		C46E0F4D217DAFEA007F5452 /* Frameworks */ = {
			isa = PBXFrameworksBuildPhase;
			buildActionMask = 2147483647;
			files = (
				5E9765759C43EC7762EE4DB8 /* Pods_Trojan_Dining.framework in Frameworks */,
				BE91935E23CFE3A000B0DEA3 /* StoreKit.framework in Frameworks */,
			);
			runOnlyForDeploymentPostprocessing = 0;
		};
/* End PBXFrameworksBuildPhase section */

/* Begin PBXGroup section */
		1D9963C0B3FB77466EA24B35 /* Frameworks */ = {
			isa = PBXGroup;
			children = (
				BE91935D23CFE3A000B0DEA3 /* StoreKit.framework */,
				1207B618EA10D0B206ED315F /* Pods_Trojan_Dining.framework */,
			);
			name = Frameworks;
			sourceTree = "<group>";
		};
		BE0B090C23D3C630002B041D /* Firestore */ = {
			isa = PBXGroup;
			children = (
				BE0B091623D4384C002B041D /* Map.swift */,
				BE0B091123D3E25F002B041D /* FsRoot.swift */,
				BE0B090D23D3C65A002B041D /* FsCollection.swift */,
				BE0B090F23D3C662002B041D /* FsDocument.swift */,
				BE0B091823D43CA4002B041D /* FsCollections */,
				BE0B091923D43CB5002B041D /* FsDocuments */,
				BE0B092223D45977002B041D /* Extensions.swift */,
			);
			path = Firestore;
			sourceTree = "<group>";
		};
		BE0B091823D43CA4002B041D /* FsCollections */ = {
			isa = PBXGroup;
			children = (
				BE0B091A23D43D3C002B041D /* FsC_Users.swift */,
				BE0B091C23D43D6A002B041D /* FsC_Watchlist.swift */,
			);
			path = FsCollections;
			sourceTree = "<group>";
		};
		BE0B091923D43CB5002B041D /* FsDocuments */ = {
			isa = PBXGroup;
			children = (
				BE0B091E23D43D8D002B041D /* FsD_User.swift */,
				BE0B092023D43DA7002B041D /* FsD_Bool.swift */,
			);
			path = FsDocuments;
			sourceTree = "<group>";
		};
		BE7BEF8F239CA2E100977EE0 /* Abstract */ = {
			isa = PBXGroup;
			children = (
				BE7BEF83239C88BD00977EE0 /* TableableCell.swift */,
				BE7BEF87239C894900977EE0 /* CollectableCell.swift */,
				BEF67972239CDBAB00BBB88D /* StarRatingView.swift */,
			);
			path = Abstract;
			sourceTree = "<group>";
		};
		BE7BEF90239CA2FA00977EE0 /* Abstract */ = {
			isa = PBXGroup;
			children = (
				BE7BEF85239C88FC00977EE0 /* TableableData.swift */,
				BE7BEF89239C8A1B00977EE0 /* CollectableData.swift */,
			);
			path = Abstract;
			sourceTree = "<group>";
		};
		BE91936123D0387A00B0DEA3 /* In App Purchases */ = {
			isa = PBXGroup;
			children = (
				BE91935F23D0042200B0DEA3 /* Market.swift */,
			);
			path = "In App Purchases";
			sourceTree = "<group>";
		};
		BEDE0DDC23C86B5C0012216A /* Notification Waylay */ = {
			isa = PBXGroup;
			children = (
				BEDE0DDD23C86B5C0012216A /* NotificationService.swift */,
				BEDE0DDF23C86B5C0012216A /* Info.plist */,
			);
			path = "Notification Waylay";
			sourceTree = "<group>";
		};
		C46E0F47217DAFEA007F5452 = {
			isa = PBXGroup;
			children = (
				C46E0F52217DAFEA007F5452 /* Trojan Dining */,
				BEDE0DDC23C86B5C0012216A /* Notification Waylay */,
				C46E0F51217DAFEA007F5452 /* Products */,
				EE1AF5167FF691C16C8B1DE9 /* Pods */,
				1D9963C0B3FB77466EA24B35 /* Frameworks */,
			);
			sourceTree = "<group>";
		};
		C46E0F51217DAFEA007F5452 /* Products */ = {
			isa = PBXGroup;
			children = (
				C46E0F50217DAFEA007F5452 /* Trojan Dining.app */,
				BEDE0DDB23C86B5C0012216A /* Notification Waylay.appex */,
			);
			name = Products;
			sourceTree = "<group>";
		};
		C46E0F52217DAFEA007F5452 /* Trojan Dining */ = {
			isa = PBXGroup;
			children = (
				BEE57C3223A4D73900F90FC8 /* Trojan Dining.entitlements */,
				C46E0F67217DB003007F5452 /* Controllers */,
				C46E0F66217DAFFE007F5452 /* Views */,
				C46E0F65217DAFF7007F5452 /* Models */,
				C46E0F5A217DAFEB007F5452 /* Assets.xcassets */,
				C46E0F5C217DAFEB007F5452 /* LaunchScreen.storyboard */,
				C46E0F53217DAFEA007F5452 /* AppDelegate.swift */,
				BEDE0DE723C9B12C0012216A /* MessagingDelegate.swift */,
				BEDE0DE923C9B16D0012216A /* NotificationDelegate.swift */,
				BE91936123D0387A00B0DEA3 /* In App Purchases */,
				BE7BEF91239CB91100977EE0 /* GoogleService-Info.plist */,
				C46E0F5F217DAFEB007F5452 /* Info.plist */,
			);
			path = "Trojan Dining";
			sourceTree = "<group>";
		};
		C46E0F65217DAFF7007F5452 /* Models */ = {
			isa = PBXGroup;
			children = (
				BE0B090C23D3C630002B041D /* Firestore */,
				BEE57C3323A4EF9700F90FC8 /* User.swift */,
				BE7BEF90239CA2FA00977EE0 /* Abstract */,
				BE7BEF8D239C9AE500977EE0 /* Meal.swift */,
				C4F9D2532187BD7E0081606A /* Food.swift */,
				C455B28F21B53C6700309A7A /* Filter.swift */,
				C45E3452218EB46300A8C28E /* URLBuilder.swift */,
				C46E0F6E217DB97B007F5452 /* WebScraper.swift */,
				C46E0F70217DB989007F5452 /* MenuBuilder.swift */,
			);
			path = Models;
			sourceTree = "<group>";
		};
		C46E0F66217DAFFE007F5452 /* Views */ = {
			isa = PBXGroup;
			children = (
				C46E0F57217DAFEA007F5452 /* Main.storyboard */,
				BE7BEF8F239CA2E100977EE0 /* Abstract */,
				BE7BEF7F239C869400977EE0 /* MealCell.swift */,
				BE7BEF80239C869400977EE0 /* MealCell.xib */,
				C46E0F6A217DB0B2007F5452 /* FoodCell.swift */,
				C49F5EA1219F6D55009A915C /* FoodCell.xib */,
				C44DE8E3219805CD00CFC981 /* FilterView.swift */,
				C44DE8E5219805E500CFC981 /* FilterView.xib */,
				C455B28D21B51EB700309A7A /* FilterCollectionCell.swift */,
				C455B28B21B51E9600309A7A /* FilterCollectionCell.xib */,
				BEB5E39823C7039D006F3DFE /* WatchlistCell.swift */,
				BEB5E39923C7039D006F3DFE /* WatchlistCell.xib */,
			);
			path = Views;
			sourceTree = "<group>";
		};
		C46E0F67217DB003007F5452 /* Controllers */ = {
			isa = PBXGroup;
			children = (
				C444FBE521B49B6A00E8C2F7 /* ViewController.swift */,
				BE7BEF7D239C82BB00977EE0 /* ViewCollectionView.swift */,
				BE7BEF8B239C974400977EE0 /* ViewInteraction.swift */,
				BEEB6C7D239CC769007062D7 /* FoodDetailController.swift */,
				BEB5E39623C6FA49006F3DFE /* NotificationViewController.swift */,
				BEB5E39423C6FA2B006F3DFE /* UpgradeViewController.swift */,
			);
			path = Controllers;
			sourceTree = "<group>";
		};
		EE1AF5167FF691C16C8B1DE9 /* Pods */ = {
			isa = PBXGroup;
			children = (
				71849656A04F38282D417D84 /* Pods-Trojan Dining.debug.xcconfig */,
				AB07223A8BCC15F9144062B7 /* Pods-Trojan Dining.release.xcconfig */,
			);
			path = Pods;
			sourceTree = "<group>";
		};
/* End PBXGroup section */

/* Begin PBXNativeTarget section */
		BEDE0DDA23C86B5C0012216A /* Notification Waylay */ = {
			isa = PBXNativeTarget;
			buildConfigurationList = BEDE0DE323C86B5C0012216A /* Build configuration list for PBXNativeTarget "Notification Waylay" */;
			buildPhases = (
				BEDE0DD723C86B5C0012216A /* Sources */,
				BEDE0DD823C86B5C0012216A /* Frameworks */,
				BEDE0DD923C86B5C0012216A /* Resources */,
			);
			buildRules = (
			);
			dependencies = (
			);
			name = "Notification Waylay";
			productName = "Notification Waylay";
			productReference = BEDE0DDB23C86B5C0012216A /* Notification Waylay.appex */;
			productType = "com.apple.product-type.app-extension";
		};
		C46E0F4F217DAFEA007F5452 /* Trojan Dining */ = {
			isa = PBXNativeTarget;
			buildConfigurationList = C46E0F62217DAFEB007F5452 /* Build configuration list for PBXNativeTarget "Trojan Dining" */;
			buildPhases = (
				450C8791F6964B5D8F8E9B3F /* [CP] Check Pods Manifest.lock */,
				C46E0F4C217DAFEA007F5452 /* Sources */,
				C46E0F4D217DAFEA007F5452 /* Frameworks */,
				C46E0F4E217DAFEA007F5452 /* Resources */,
				3D32306B060A984B5CAA4760 /* [CP] Embed Pods Frameworks */,
				BEDE0DE623C86B5C0012216A /* Embed App Extensions */,
			);
			buildRules = (
			);
			dependencies = (
				BEDE0DE123C86B5C0012216A /* PBXTargetDependency */,
			);
			name = "Trojan Dining";
			productName = "USC Dining";
			productReference = C46E0F50217DAFEA007F5452 /* Trojan Dining.app */;
			productType = "com.apple.product-type.application";
		};
/* End PBXNativeTarget section */

/* Begin PBXProject section */
		C46E0F48217DAFEA007F5452 /* Project object */ = {
			isa = PBXProject;
			attributes = {
				LastSwiftUpdateCheck = 1130;
				LastUpgradeCheck = 1000;
				ORGANIZATIONNAME = "Hayden Shively";
				TargetAttributes = {
					BEDE0DDA23C86B5C0012216A = {
						CreatedOnToolsVersion = 11.3;
					};
					C46E0F4F217DAFEA007F5452 = {
						CreatedOnToolsVersion = 10.0;
						LastSwiftMigration = 1020;
					};
				};
			};
			buildConfigurationList = C46E0F4B217DAFEA007F5452 /* Build configuration list for PBXProject "Trojan Dining" */;
			compatibilityVersion = "Xcode 9.3";
			developmentRegion = en;
			hasScannedForEncodings = 0;
			knownRegions = (
				en,
				Base,
			);
			mainGroup = C46E0F47217DAFEA007F5452;
			productRefGroup = C46E0F51217DAFEA007F5452 /* Products */;
			projectDirPath = "";
			projectRoot = "";
			targets = (
				C46E0F4F217DAFEA007F5452 /* Trojan Dining */,
				BEDE0DDA23C86B5C0012216A /* Notification Waylay */,
			);
		};
/* End PBXProject section */

/* Begin PBXResourcesBuildPhase section */
		BEDE0DD923C86B5C0012216A /* Resources */ = {
			isa = PBXResourcesBuildPhase;
			buildActionMask = 2147483647;
			files = (
			);
			runOnlyForDeploymentPostprocessing = 0;
		};
		C46E0F4E217DAFEA007F5452 /* Resources */ = {
			isa = PBXResourcesBuildPhase;
			buildActionMask = 2147483647;
			files = (
				BEB5E39B23C7039D006F3DFE /* WatchlistCell.xib in Resources */,
				C49F5EA2219F6D55009A915C /* FoodCell.xib in Resources */,
				BE7BEF92239CB91100977EE0 /* GoogleService-Info.plist in Resources */,
				C44DE8E6219805E500CFC981 /* FilterView.xib in Resources */,
				C46E0F5E217DAFEB007F5452 /* LaunchScreen.storyboard in Resources */,
				BE7BEF82239C869400977EE0 /* MealCell.xib in Resources */,
				C455B28C21B51E9600309A7A /* FilterCollectionCell.xib in Resources */,
				C46E0F5B217DAFEB007F5452 /* Assets.xcassets in Resources */,
				C46E0F59217DAFEA007F5452 /* Main.storyboard in Resources */,
			);
			runOnlyForDeploymentPostprocessing = 0;
		};
/* End PBXResourcesBuildPhase section */

/* Begin PBXShellScriptBuildPhase section */
		3D32306B060A984B5CAA4760 /* [CP] Embed Pods Frameworks */ = {
			isa = PBXShellScriptBuildPhase;
			buildActionMask = 2147483647;
			files = (
			);
			inputFileListPaths = (
				"${PODS_ROOT}/Target Support Files/Pods-Trojan Dining/Pods-Trojan Dining-frameworks-${CONFIGURATION}-input-files.xcfilelist",
			);
			name = "[CP] Embed Pods Frameworks";
			outputFileListPaths = (
				"${PODS_ROOT}/Target Support Files/Pods-Trojan Dining/Pods-Trojan Dining-frameworks-${CONFIGURATION}-output-files.xcfilelist",
			);
			runOnlyForDeploymentPostprocessing = 0;
			shellPath = /bin/sh;
			shellScript = "\"${PODS_ROOT}/Target Support Files/Pods-Trojan Dining/Pods-Trojan Dining-frameworks.sh\"\n";
			showEnvVarsInLog = 0;
		};
		450C8791F6964B5D8F8E9B3F /* [CP] Check Pods Manifest.lock */ = {
			isa = PBXShellScriptBuildPhase;
			buildActionMask = 2147483647;
			files = (
			);
			inputFileListPaths = (
			);
			inputPaths = (
				"${PODS_PODFILE_DIR_PATH}/Podfile.lock",
				"${PODS_ROOT}/Manifest.lock",
			);
			name = "[CP] Check Pods Manifest.lock";
			outputFileListPaths = (
			);
			outputPaths = (
				"$(DERIVED_FILE_DIR)/Pods-Trojan Dining-checkManifestLockResult.txt",
			);
			runOnlyForDeploymentPostprocessing = 0;
			shellPath = /bin/sh;
			shellScript = "diff \"${PODS_PODFILE_DIR_PATH}/Podfile.lock\" \"${PODS_ROOT}/Manifest.lock\" > /dev/null\nif [ $? != 0 ] ; then\n    # print error to STDERR\n    echo \"error: The sandbox is not in sync with the Podfile.lock. Run 'pod install' or update your CocoaPods installation.\" >&2\n    exit 1\nfi\n# This output is used by Xcode 'outputs' to avoid re-running this script phase.\necho \"SUCCESS\" > \"${SCRIPT_OUTPUT_FILE_0}\"\n";
			showEnvVarsInLog = 0;
		};
/* End PBXShellScriptBuildPhase section */

/* Begin PBXSourcesBuildPhase section */
		BEDE0DD723C86B5C0012216A /* Sources */ = {
			isa = PBXSourcesBuildPhase;
			buildActionMask = 2147483647;
			files = (
				BEDE0DDE23C86B5C0012216A /* NotificationService.swift in Sources */,
			);
			runOnlyForDeploymentPostprocessing = 0;
		};
		C46E0F4C217DAFEA007F5452 /* Sources */ = {
			isa = PBXSourcesBuildPhase;
			buildActionMask = 2147483647;
			files = (
				C44DE8E4219805CD00CFC981 /* FilterView.swift in Sources */,
				BEB5E39A23C7039D006F3DFE /* WatchlistCell.swift in Sources */,
				BE0B091723D4384C002B041D /* Map.swift in Sources */,
				C45E3453218EB46300A8C28E /* URLBuilder.swift in Sources */,
				BEEB6C7E239CC769007062D7 /* FoodDetailController.swift in Sources */,
				BE0B092123D43DA7002B041D /* FsD_Bool.swift in Sources */,
				BE0B091023D3C662002B041D /* FsDocument.swift in Sources */,
				BEB5E39523C6FA2B006F3DFE /* UpgradeViewController.swift in Sources */,
				C455B29021B53C6700309A7A /* Filter.swift in Sources */,
				C46E0F6B217DB0B2007F5452 /* FoodCell.swift in Sources */,
				BEDE0DEA23C9B16D0012216A /* NotificationDelegate.swift in Sources */,
				BEB5E39723C6FA49006F3DFE /* NotificationViewController.swift in Sources */,
				BE7BEF86239C88FC00977EE0 /* TableableData.swift in Sources */,
				BE7BEF88239C894900977EE0 /* CollectableCell.swift in Sources */,
				BE0B091F23D43D8D002B041D /* FsD_User.swift in Sources */,
				C455B28E21B51EB700309A7A /* FilterCollectionCell.swift in Sources */,
				C46E0F71217DB989007F5452 /* MenuBuilder.swift in Sources */,
				BE7BEF8E239C9AE500977EE0 /* Meal.swift in Sources */,
				BE7BEF8C239C974400977EE0 /* ViewInteraction.swift in Sources */,
				BE0B092323D45977002B041D /* Extensions.swift in Sources */,
				BE0B091B23D43D3C002B041D /* FsC_Users.swift in Sources */,
				BE7BEF7E239C82BB00977EE0 /* ViewCollectionView.swift in Sources */,
				BE7BEF8A239C8A1B00977EE0 /* CollectableData.swift in Sources */,
				BE91936023D0042200B0DEA3 /* Market.swift in Sources */,
				BEF67973239CDBAB00BBB88D /* StarRatingView.swift in Sources */,
				BE0B090E23D3C65A002B041D /* FsCollection.swift in Sources */,
				C444FBE621B49B6A00E8C2F7 /* ViewController.swift in Sources */,
				C46E0F6F217DB97B007F5452 /* WebScraper.swift in Sources */,
				BE7BEF84239C88BD00977EE0 /* TableableCell.swift in Sources */,
				BE7BEF81239C869400977EE0 /* MealCell.swift in Sources */,
				BEDE0DE823C9B12C0012216A /* MessagingDelegate.swift in Sources */,
				C46E0F54217DAFEA007F5452 /* AppDelegate.swift in Sources */,
				BE0B091D23D43D6A002B041D /* FsC_Watchlist.swift in Sources */,
				C4F9D2542187BD7E0081606A /* Food.swift in Sources */,
				BEE57C3423A4EF9700F90FC8 /* User.swift in Sources */,
				BE0B091223D3E25F002B041D /* FsRoot.swift in Sources */,
			);
			runOnlyForDeploymentPostprocessing = 0;
		};
/* End PBXSourcesBuildPhase section */

/* Begin PBXTargetDependency section */
		BEDE0DE123C86B5C0012216A /* PBXTargetDependency */ = {
			isa = PBXTargetDependency;
			target = BEDE0DDA23C86B5C0012216A /* Notification Waylay */;
			targetProxy = BEDE0DE023C86B5C0012216A /* PBXContainerItemProxy */;
		};
/* End PBXTargetDependency section */

/* Begin PBXVariantGroup section */
		C46E0F57217DAFEA007F5452 /* Main.storyboard */ = {
			isa = PBXVariantGroup;
			children = (
				C46E0F58217DAFEA007F5452 /* Base */,
			);
			name = Main.storyboard;
			sourceTree = "<group>";
		};
		C46E0F5C217DAFEB007F5452 /* LaunchScreen.storyboard */ = {
			isa = PBXVariantGroup;
			children = (
				C46E0F5D217DAFEB007F5452 /* Base */,
			);
			name = LaunchScreen.storyboard;
			sourceTree = "<group>";
		};
/* End PBXVariantGroup section */

/* Begin XCBuildConfiguration section */
		BEDE0DE423C86B5C0012216A /* Debug */ = {
			isa = XCBuildConfiguration;
			buildSettings = {
				CODE_SIGN_STYLE = Automatic;
				DEVELOPMENT_TEAM = 37X3EN3NY4;
				INFOPLIST_FILE = "Notification Waylay/Info.plist";
				IPHONEOS_DEPLOYMENT_TARGET = 13.2;
				LD_RUNPATH_SEARCH_PATHS = (
					"$(inherited)",
					"@executable_path/Frameworks",
					"@executable_path/../../Frameworks",
				);
				PRODUCT_BUNDLE_IDENTIFIER = "info.haydenshively.trojan-dining.Notification-Waylay";
				PRODUCT_NAME = "$(TARGET_NAME)";
				SKIP_INSTALL = YES;
				SWIFT_VERSION = 5.0;
				TARGETED_DEVICE_FAMILY = "1,2";
			};
			name = Debug;
		};
		BEDE0DE523C86B5C0012216A /* Release */ = {
			isa = XCBuildConfiguration;
			buildSettings = {
				CODE_SIGN_STYLE = Automatic;
				DEVELOPMENT_TEAM = 37X3EN3NY4;
				INFOPLIST_FILE = "Notification Waylay/Info.plist";
				IPHONEOS_DEPLOYMENT_TARGET = 13.2;
				LD_RUNPATH_SEARCH_PATHS = (
					"$(inherited)",
					"@executable_path/Frameworks",
					"@executable_path/../../Frameworks",
				);
				PRODUCT_BUNDLE_IDENTIFIER = "info.haydenshively.trojan-dining.Notification-Waylay";
				PRODUCT_NAME = "$(TARGET_NAME)";
				SKIP_INSTALL = YES;
				SWIFT_VERSION = 5.0;
				TARGETED_DEVICE_FAMILY = "1,2";
			};
			name = Release;
		};
		C46E0F60217DAFEB007F5452 /* Debug */ = {
			isa = XCBuildConfiguration;
			buildSettings = {
				ALWAYS_SEARCH_USER_PATHS = NO;
				CLANG_ANALYZER_NONNULL = YES;
				CLANG_ANALYZER_NUMBER_OBJECT_CONVERSION = YES_AGGRESSIVE;
				CLANG_CXX_LANGUAGE_STANDARD = "gnu++14";
				CLANG_CXX_LIBRARY = "libc++";
				CLANG_ENABLE_MODULES = YES;
				CLANG_ENABLE_OBJC_ARC = YES;
				CLANG_ENABLE_OBJC_WEAK = YES;
				CLANG_WARN_BLOCK_CAPTURE_AUTORELEASING = YES;
				CLANG_WARN_BOOL_CONVERSION = YES;
				CLANG_WARN_COMMA = YES;
				CLANG_WARN_CONSTANT_CONVERSION = YES;
				CLANG_WARN_DEPRECATED_OBJC_IMPLEMENTATIONS = YES;
				CLANG_WARN_DIRECT_OBJC_ISA_USAGE = YES_ERROR;
				CLANG_WARN_DOCUMENTATION_COMMENTS = YES;
				CLANG_WARN_EMPTY_BODY = YES;
				CLANG_WARN_ENUM_CONVERSION = YES;
				CLANG_WARN_INFINITE_RECURSION = YES;
				CLANG_WARN_INT_CONVERSION = YES;
				CLANG_WARN_NON_LITERAL_NULL_CONVERSION = YES;
				CLANG_WARN_OBJC_IMPLICIT_RETAIN_SELF = YES;
				CLANG_WARN_OBJC_LITERAL_CONVERSION = YES;
				CLANG_WARN_OBJC_ROOT_CLASS = YES_ERROR;
				CLANG_WARN_RANGE_LOOP_ANALYSIS = YES;
				CLANG_WARN_STRICT_PROTOTYPES = YES;
				CLANG_WARN_SUSPICIOUS_MOVE = YES;
				CLANG_WARN_UNGUARDED_AVAILABILITY = YES_AGGRESSIVE;
				CLANG_WARN_UNREACHABLE_CODE = YES;
				CLANG_WARN__DUPLICATE_METHOD_MATCH = YES;
				CODE_SIGN_IDENTITY = "iPhone Developer";
				COPY_PHASE_STRIP = NO;
				DEBUG_INFORMATION_FORMAT = dwarf;
				ENABLE_STRICT_OBJC_MSGSEND = YES;
				ENABLE_TESTABILITY = YES;
				GCC_C_LANGUAGE_STANDARD = gnu11;
				GCC_DYNAMIC_NO_PIC = NO;
				GCC_NO_COMMON_BLOCKS = YES;
				GCC_OPTIMIZATION_LEVEL = 0;
				GCC_PREPROCESSOR_DEFINITIONS = (
					"DEBUG=1",
					"$(inherited)",
				);
				GCC_WARN_64_TO_32_BIT_CONVERSION = YES;
				GCC_WARN_ABOUT_RETURN_TYPE = YES_ERROR;
				GCC_WARN_UNDECLARED_SELECTOR = YES;
				GCC_WARN_UNINITIALIZED_AUTOS = YES_AGGRESSIVE;
				GCC_WARN_UNUSED_FUNCTION = YES;
				GCC_WARN_UNUSED_VARIABLE = YES;
				IPHONEOS_DEPLOYMENT_TARGET = 12.0;
				MTL_ENABLE_DEBUG_INFO = INCLUDE_SOURCE;
				MTL_FAST_MATH = YES;
				ONLY_ACTIVE_ARCH = YES;
				SDKROOT = iphoneos;
				SWIFT_ACTIVE_COMPILATION_CONDITIONS = DEBUG;
				SWIFT_OPTIMIZATION_LEVEL = "-Onone";
			};
			name = Debug;
		};
		C46E0F61217DAFEB007F5452 /* Release */ = {
			isa = XCBuildConfiguration;
			buildSettings = {
				ALWAYS_SEARCH_USER_PATHS = NO;
				CLANG_ANALYZER_NONNULL = YES;
				CLANG_ANALYZER_NUMBER_OBJECT_CONVERSION = YES_AGGRESSIVE;
				CLANG_CXX_LANGUAGE_STANDARD = "gnu++14";
				CLANG_CXX_LIBRARY = "libc++";
				CLANG_ENABLE_MODULES = YES;
				CLANG_ENABLE_OBJC_ARC = YES;
				CLANG_ENABLE_OBJC_WEAK = YES;
				CLANG_WARN_BLOCK_CAPTURE_AUTORELEASING = YES;
				CLANG_WARN_BOOL_CONVERSION = YES;
				CLANG_WARN_COMMA = YES;
				CLANG_WARN_CONSTANT_CONVERSION = YES;
				CLANG_WARN_DEPRECATED_OBJC_IMPLEMENTATIONS = YES;
				CLANG_WARN_DIRECT_OBJC_ISA_USAGE = YES_ERROR;
				CLANG_WARN_DOCUMENTATION_COMMENTS = YES;
				CLANG_WARN_EMPTY_BODY = YES;
				CLANG_WARN_ENUM_CONVERSION = YES;
				CLANG_WARN_INFINITE_RECURSION = YES;
				CLANG_WARN_INT_CONVERSION = YES;
				CLANG_WARN_NON_LITERAL_NULL_CONVERSION = YES;
				CLANG_WARN_OBJC_IMPLICIT_RETAIN_SELF = YES;
				CLANG_WARN_OBJC_LITERAL_CONVERSION = YES;
				CLANG_WARN_OBJC_ROOT_CLASS = YES_ERROR;
				CLANG_WARN_RANGE_LOOP_ANALYSIS = YES;
				CLANG_WARN_STRICT_PROTOTYPES = YES;
				CLANG_WARN_SUSPICIOUS_MOVE = YES;
				CLANG_WARN_UNGUARDED_AVAILABILITY = YES_AGGRESSIVE;
				CLANG_WARN_UNREACHABLE_CODE = YES;
				CLANG_WARN__DUPLICATE_METHOD_MATCH = YES;
				CODE_SIGN_IDENTITY = "iPhone Developer";
				COPY_PHASE_STRIP = NO;
				DEBUG_INFORMATION_FORMAT = "dwarf-with-dsym";
				ENABLE_NS_ASSERTIONS = NO;
				ENABLE_STRICT_OBJC_MSGSEND = YES;
				GCC_C_LANGUAGE_STANDARD = gnu11;
				GCC_NO_COMMON_BLOCKS = YES;
				GCC_WARN_64_TO_32_BIT_CONVERSION = YES;
				GCC_WARN_ABOUT_RETURN_TYPE = YES_ERROR;
				GCC_WARN_UNDECLARED_SELECTOR = YES;
				GCC_WARN_UNINITIALIZED_AUTOS = YES_AGGRESSIVE;
				GCC_WARN_UNUSED_FUNCTION = YES;
				GCC_WARN_UNUSED_VARIABLE = YES;
				IPHONEOS_DEPLOYMENT_TARGET = 12.0;
				MTL_ENABLE_DEBUG_INFO = NO;
				MTL_FAST_MATH = YES;
				SDKROOT = iphoneos;
				SWIFT_COMPILATION_MODE = wholemodule;
				SWIFT_OPTIMIZATION_LEVEL = "-O";
				VALIDATE_PRODUCT = YES;
			};
			name = Release;
		};
		C46E0F63217DAFEB007F5452 /* Debug */ = {
			isa = XCBuildConfiguration;
			baseConfigurationReference = 71849656A04F38282D417D84 /* Pods-Trojan Dining.debug.xcconfig */;
			buildSettings = {
				ALWAYS_EMBED_SWIFT_STANDARD_LIBRARIES = YES;
				ASSETCATALOG_COMPILER_APPICON_NAME = AppIcon;
				CODE_SIGN_ENTITLEMENTS = "Trojan Dining/Trojan Dining.entitlements";
				CODE_SIGN_STYLE = Automatic;
				CURRENT_PROJECT_VERSION = 1;
				DEVELOPMENT_TEAM = 37X3EN3NY4;
				INFOPLIST_FILE = "Trojan Dining/Info.plist";
				IPHONEOS_DEPLOYMENT_TARGET = 13.0;
				LD_RUNPATH_SEARCH_PATHS = (
					"$(inherited)",
					"@executable_path/Frameworks",
				);
				MARKETING_VERSION = 1.5;
				PRODUCT_BUNDLE_IDENTIFIER = "info.haydenshively.trojan-dining";
				PRODUCT_NAME = "$(TARGET_NAME)";
				SWIFT_VERSION = 5.0;
				TARGETED_DEVICE_FAMILY = 1;
			};
			name = Debug;
		};
		C46E0F64217DAFEB007F5452 /* Release */ = {
			isa = XCBuildConfiguration;
			baseConfigurationReference = AB07223A8BCC15F9144062B7 /* Pods-Trojan Dining.release.xcconfig */;
			buildSettings = {
				ALWAYS_EMBED_SWIFT_STANDARD_LIBRARIES = YES;
				ASSETCATALOG_COMPILER_APPICON_NAME = AppIcon;
				CODE_SIGN_ENTITLEMENTS = "Trojan Dining/Trojan Dining.entitlements";
				CODE_SIGN_STYLE = Automatic;
				CURRENT_PROJECT_VERSION = 1;
				DEVELOPMENT_TEAM = 37X3EN3NY4;
				INFOPLIST_FILE = "Trojan Dining/Info.plist";
				IPHONEOS_DEPLOYMENT_TARGET = 13.0;
				LD_RUNPATH_SEARCH_PATHS = (
					"$(inherited)",
					"@executable_path/Frameworks",
				);
				MARKETING_VERSION = 1.5;
				PRODUCT_BUNDLE_IDENTIFIER = "info.haydenshively.trojan-dining";
				PRODUCT_NAME = "$(TARGET_NAME)";
				SWIFT_VERSION = 5.0;
				TARGETED_DEVICE_FAMILY = 1;
			};
			name = Release;
		};
/* End XCBuildConfiguration section */

/* Begin XCConfigurationList section */
		BEDE0DE323C86B5C0012216A /* Build configuration list for PBXNativeTarget "Notification Waylay" */ = {
			isa = XCConfigurationList;
			buildConfigurations = (
				BEDE0DE423C86B5C0012216A /* Debug */,
				BEDE0DE523C86B5C0012216A /* Release */,
			);
			defaultConfigurationIsVisible = 0;
			defaultConfigurationName = Release;
		};
		C46E0F4B217DAFEA007F5452 /* Build configuration list for PBXProject "Trojan Dining" */ = {
			isa = XCConfigurationList;
			buildConfigurations = (
				C46E0F60217DAFEB007F5452 /* Debug */,
				C46E0F61217DAFEB007F5452 /* Release */,
			);
			defaultConfigurationIsVisible = 0;
			defaultConfigurationName = Release;
		};
		C46E0F62217DAFEB007F5452 /* Build configuration list for PBXNativeTarget "Trojan Dining" */ = {
			isa = XCConfigurationList;
			buildConfigurations = (
				C46E0F63217DAFEB007F5452 /* Debug */,
				C46E0F64217DAFEB007F5452 /* Release */,
			);
			defaultConfigurationIsVisible = 0;
			defaultConfigurationName = Release;
		};
/* End XCConfigurationList section */
	};
	rootObject = C46E0F48217DAFEA007F5452 /* Project object */;
}
